
Microsoft Visual Studio Solution File, Format Version 12.00
# Visual Studio Version 17
VisualStudioVersion = 17.4.33213.308
MinimumVisualStudioVersion = 10.0.40219.1
Project("{FAE04EC0-301F-11D3-BF4B-00C04F79EFBC}") = "EdPro", "EdPro\EdPro.csproj", "{F6A357A6-AC92-4109-93B7-97326E2783C9}"
EndProject
Global
	GlobalSection(SolutionConfigurationPlatforms) = preSolution
		Debug|Any CPU = Debug|Any CPU
		Release|Any CPU = Release|Any CPU
	EndGlobalSection
	GlobalSection(ProjectConfigurationPlatforms) = postSolution
		{F6A357A6-AC92-4109-93B7-97326E2783C9}.Debug|Any CPU.ActiveCfg = Debug|Any CPU
		{F6A357A6-AC92-4109-93B7-97326E2783C9}.Debug|Any CPU.Build.0 = Debug|Any CPU
		{F6A357A6-AC92-4109-93B7-97326E2783C9}.Release|Any CPU.ActiveCfg = Release|Any CPU
		{F6A357A6-AC92-4109-93B7-97326E2783C9}.Release|Any CPU.Build.0 = Release|Any CPU
	EndGlobalSection
	GlobalSection(SolutionProperties) = preSolution
		HideSolutionNode = FALSE
	EndGlobalSection
	GlobalSection(ExtensibilityGlobals) = postSolution
		SolutionGuid = {86AB3066-0DDA-41EB-A2B4-40FBDB7FF048}
	EndGlobalSection
EndGlobal
